
Microsoft Visual Studio Solution File, Format Version 12.00
# Visual Studio Version 17
VisualStudioVersion = 17.10.35004.147
MinimumVisualStudioVersion = 10.0.40219.1
Project("{2150E333-8FDC-42A3-9474-1A3956D46DE8}") = "src", "src", "{387DB70A-C4D6-47E3-9384-CEBC226051EF}"
EndProject
Project("{2150E333-8FDC-42A3-9474-1A3956D46DE8}") = "Backend", "Backend", "{64676FD4-7E2B-44C7-8B6E-10D0A7B2C004}"
EndProject
Project("{2150E333-8FDC-42A3-9474-1A3956D46DE8}") = "tests", "tests", "{A49573AA-CAF2-4FB8-BFC3-1AEED36409D2}"
EndProject
Project("{9A19103F-16F7-4668-BE54-9A1E7A4F7556}") = "BarberBoss.Api", "src\Backend\BarberBoss.Api\BarberBoss.Api.csproj", "{26A799F8-2786-4518-8F42-C30C99637678}"
EndProject
Project("{9A19103F-16F7-4668-BE54-9A1E7A4F7556}") = "BarberBoss.Application", "src\Backend\BarberBoss.Application\BarberBoss.Application.csproj", "{C23BFA60-842F-4D41-A45C-3F221DE52125}"
EndProject
Project("{9A19103F-16F7-4668-BE54-9A1E7A4F7556}") = "BarberBoss.Communication", "src\Backend\BarberBoss.Communication\BarberBoss.Communication.csproj", "{8F066399-E979-4C61-92B9-FCD84B07CC70}"
EndProject
Project("{9A19103F-16F7-4668-BE54-9A1E7A4F7556}") = "BarberBoss.Domain", "src\Backend\BarberBoss.Domain\BarberBoss.Domain.csproj", "{347B77F3-620C-4855-9004-FCF4ACF3C316}"
EndProject
Project("{9A19103F-16F7-4668-BE54-9A1E7A4F7556}") = "BarberBoss.Exception", "src\Backend\BarberBoss.Exception\BarberBoss.Exception.csproj", "{2CB4ED32-F8B1-4F38-BA1D-5FDC7590EBFC}"
EndProject
Project("{9A19103F-16F7-4668-BE54-9A1E7A4F7556}") = "BarberBoss.Infrastructure", "src\Backend\BarberBoss.Infrastructure\BarberBoss.Infrastructure.csproj", "{879501E8-4A65-47BA-95B4-6B9C56B9433C}"
EndProject
Project("{9A19103F-16F7-4668-BE54-9A1E7A4F7556}") = "CommonTestUtilities", "tests\CommonTestUtilities\CommonTestUtilities.csproj", "{CE6A406F-1F53-4D51-AB0C-70573749554C}"
EndProject
Project("{9A19103F-16F7-4668-BE54-9A1E7A4F7556}") = "UseCases.Tests", "tests\UseCases.Tests\UseCases.Tests.csproj", "{8D99A1FC-797E-4B6F-AE7D-6AF4A22E90AB}"
EndProject
Project("{9A19103F-16F7-4668-BE54-9A1E7A4F7556}") = "Validators.Tests", "tests\Validators.Tests\Validators.Tests.csproj", "{EED77DA4-8016-41FF-98A0-A39B8E00AC47}"
EndProject
Project("{9A19103F-16F7-4668-BE54-9A1E7A4F7556}") = "WebApi.Test", "tests\WebApi.Test\WebApi.Test.csproj", "{F6D8BFB7-FB29-4A44-BB8D-1EF8A76CC40F}"
EndProject
Global
	GlobalSection(SolutionConfigurationPlatforms) = preSolution
		Debug|Any CPU = Debug|Any CPU
		Release|Any CPU = Release|Any CPU
	EndGlobalSection
	GlobalSection(ProjectConfigurationPlatforms) = postSolution
		{26A799F8-2786-4518-8F42-C30C99637678}.Debug|Any CPU.ActiveCfg = Debug|Any CPU
		{26A799F8-2786-4518-8F42-C30C99637678}.Debug|Any CPU.Build.0 = Debug|Any CPU
		{26A799F8-2786-4518-8F42-C30C99637678}.Release|Any CPU.ActiveCfg = Release|Any CPU
		{26A799F8-2786-4518-8F42-C30C99637678}.Release|Any CPU.Build.0 = Release|Any CPU
		{C23BFA60-842F-4D41-A45C-3F221DE52125}.Debug|Any CPU.ActiveCfg = Debug|Any CPU
		{C23BFA60-842F-4D41-A45C-3F221DE52125}.Debug|Any CPU.Build.0 = Debug|Any CPU
		{C23BFA60-842F-4D41-A45C-3F221DE52125}.Release|Any CPU.ActiveCfg = Release|Any CPU
		{C23BFA60-842F-4D41-A45C-3F221DE52125}.Release|Any CPU.Build.0 = Release|Any CPU
		{8F066399-E979-4C61-92B9-FCD84B07CC70}.Debug|Any CPU.ActiveCfg = Debug|Any CPU
		{8F066399-E979-4C61-92B9-FCD84B07CC70}.Debug|Any CPU.Build.0 = Debug|Any CPU
		{8F066399-E979-4C61-92B9-FCD84B07CC70}.Release|Any CPU.ActiveCfg = Release|Any CPU
		{8F066399-E979-4C61-92B9-FCD84B07CC70}.Release|Any CPU.Build.0 = Release|Any CPU
		{347B77F3-620C-4855-9004-FCF4ACF3C316}.Debug|Any CPU.ActiveCfg = Debug|Any CPU
		{347B77F3-620C-4855-9004-FCF4ACF3C316}.Debug|Any CPU.Build.0 = Debug|Any CPU
		{347B77F3-620C-4855-9004-FCF4ACF3C316}.Release|Any CPU.ActiveCfg = Release|Any CPU
		{347B77F3-620C-4855-9004-FCF4ACF3C316}.Release|Any CPU.Build.0 = Release|Any CPU
		{2CB4ED32-F8B1-4F38-BA1D-5FDC7590EBFC}.Debug|Any CPU.ActiveCfg = Debug|Any CPU
		{2CB4ED32-F8B1-4F38-BA1D-5FDC7590EBFC}.Debug|Any CPU.Build.0 = Debug|Any CPU
		{2CB4ED32-F8B1-4F38-BA1D-5FDC7590EBFC}.Release|Any CPU.ActiveCfg = Release|Any CPU
		{2CB4ED32-F8B1-4F38-BA1D-5FDC7590EBFC}.Release|Any CPU.Build.0 = Release|Any CPU
		{879501E8-4A65-47BA-95B4-6B9C56B9433C}.Debug|Any CPU.ActiveCfg = Debug|Any CPU
		{879501E8-4A65-47BA-95B4-6B9C56B9433C}.Debug|Any CPU.Build.0 = Debug|Any CPU
		{879501E8-4A65-47BA-95B4-6B9C56B9433C}.Release|Any CPU.ActiveCfg = Release|Any CPU
		{879501E8-4A65-47BA-95B4-6B9C56B9433C}.Release|Any CPU.Build.0 = Release|Any CPU
		{CE6A406F-1F53-4D51-AB0C-70573749554C}.Debug|Any CPU.ActiveCfg = Debug|Any CPU
		{CE6A406F-1F53-4D51-AB0C-70573749554C}.Debug|Any CPU.Build.0 = Debug|Any CPU
		{CE6A406F-1F53-4D51-AB0C-70573749554C}.Release|Any CPU.ActiveCfg = Release|Any CPU
		{CE6A406F-1F53-4D51-AB0C-70573749554C}.Release|Any CPU.Build.0 = Release|Any CPU
		{8D99A1FC-797E-4B6F-AE7D-6AF4A22E90AB}.Debug|Any CPU.ActiveCfg = Debug|Any CPU
		{8D99A1FC-797E-4B6F-AE7D-6AF4A22E90AB}.Debug|Any CPU.Build.0 = Debug|Any CPU
		{8D99A1FC-797E-4B6F-AE7D-6AF4A22E90AB}.Release|Any CPU.ActiveCfg = Release|Any CPU
		{8D99A1FC-797E-4B6F-AE7D-6AF4A22E90AB}.Release|Any CPU.Build.0 = Release|Any CPU
		{EED77DA4-8016-41FF-98A0-A39B8E00AC47}.Debug|Any CPU.ActiveCfg = Debug|Any CPU
		{EED77DA4-8016-41FF-98A0-A39B8E00AC47}.Debug|Any CPU.Build.0 = Debug|Any CPU
		{EED77DA4-8016-41FF-98A0-A39B8E00AC47}.Release|Any CPU.ActiveCfg = Release|Any CPU
		{EED77DA4-8016-41FF-98A0-A39B8E00AC47}.Release|Any CPU.Build.0 = Release|Any CPU
		{F6D8BFB7-FB29-4A44-BB8D-1EF8A76CC40F}.Debug|Any CPU.ActiveCfg = Debug|Any CPU
		{F6D8BFB7-FB29-4A44-BB8D-1EF8A76CC40F}.Debug|Any CPU.Build.0 = Debug|Any CPU
		{F6D8BFB7-FB29-4A44-BB8D-1EF8A76CC40F}.Release|Any CPU.ActiveCfg = Release|Any CPU
		{F6D8BFB7-FB29-4A44-BB8D-1EF8A76CC40F}.Release|Any CPU.Build.0 = Release|Any CPU
	EndGlobalSection
	GlobalSection(SolutionProperties) = preSolution
		HideSolutionNode = FALSE
	EndGlobalSection
	GlobalSection(NestedProjects) = preSolution
		{64676FD4-7E2B-44C7-8B6E-10D0A7B2C004} = {387DB70A-C4D6-47E3-9384-CEBC226051EF}
		{26A799F8-2786-4518-8F42-C30C99637678} = {64676FD4-7E2B-44C7-8B6E-10D0A7B2C004}
		{C23BFA60-842F-4D41-A45C-3F221DE52125} = {64676FD4-7E2B-44C7-8B6E-10D0A7B2C004}
		{8F066399-E979-4C61-92B9-FCD84B07CC70} = {64676FD4-7E2B-44C7-8B6E-10D0A7B2C004}
		{347B77F3-620C-4855-9004-FCF4ACF3C316} = {64676FD4-7E2B-44C7-8B6E-10D0A7B2C004}
		{2CB4ED32-F8B1-4F38-BA1D-5FDC7590EBFC} = {64676FD4-7E2B-44C7-8B6E-10D0A7B2C004}
		{879501E8-4A65-47BA-95B4-6B9C56B9433C} = {64676FD4-7E2B-44C7-8B6E-10D0A7B2C004}
		{CE6A406F-1F53-4D51-AB0C-70573749554C} = {A49573AA-CAF2-4FB8-BFC3-1AEED36409D2}
		{8D99A1FC-797E-4B6F-AE7D-6AF4A22E90AB} = {A49573AA-CAF2-4FB8-BFC3-1AEED36409D2}
		{EED77DA4-8016-41FF-98A0-A39B8E00AC47} = {A49573AA-CAF2-4FB8-BFC3-1AEED36409D2}
		{F6D8BFB7-FB29-4A44-BB8D-1EF8A76CC40F} = {A49573AA-CAF2-4FB8-BFC3-1AEED36409D2}
	EndGlobalSection
	GlobalSection(ExtensibilityGlobals) = postSolution
		SolutionGuid = {39A2D070-EC54-41D4-A645-95233950FC46}
	EndGlobalSection
EndGlobal
